
Microsoft Visual Studio Solution File, Format Version 12.00
# Visual Studio Version 17
VisualStudioVersion = 17.11.35312.102
MinimumVisualStudioVersion = 10.0.40219.1
Project("{FAE04EC0-301F-11D3-BF4B-00C04F79EFBC}") = "HomeSales", "HomeSales\HomeSales.csproj", "{98C1B272-2A6C-4D4F-B4D1-543860786FAA}"
EndProject
Global
	GlobalSection(SolutionConfigurationPlatforms) = preSolution
		Debug|Any CPU = Debug|Any CPU
		Release|Any CPU = Release|Any CPU
	EndGlobalSection
	GlobalSection(ProjectConfigurationPlatforms) = postSolution
		{98C1B272-2A6C-4D4F-B4D1-543860786FAA}.Debug|Any CPU.ActiveCfg = Debug|Any CPU
		{98C1B272-2A6C-4D4F-B4D1-543860786FAA}.Debug|Any CPU.Build.0 = Debug|Any CPU
		{98C1B272-2A6C-4D4F-B4D1-543860786FAA}.Release|Any CPU.ActiveCfg = Release|Any CPU
		{98C1B272-2A6C-4D4F-B4D1-543860786FAA}.Release|Any CPU.Build.0 = Release|Any CPU
	EndGlobalSection
	GlobalSection(SolutionProperties) = preSolution
		HideSolutionNode = FALSE
	EndGlobalSection
	GlobalSection(ExtensibilityGlobals) = postSolution
		SolutionGuid = {696E39DC-9AC8-46ED-8DD1-875BC20AFB9C}
	EndGlobalSection
EndGlobal
